// !$*UTF8*$!
{
	archiveVersion = 1;
	classes = {
	};
	objectVersion = 77;
	objects = {

/* Begin PBXBuildFile section */
		29ACCDB82CDB84D80076BFE0 /* DataSource in Frameworks */ = {isa = PBXBuildFile; productRef = 29ACCDB72CDB84D80076BFE0 /* DataSource */; };
		29ACCDBA2CDB84D80076BFE0 /* Domain in Frameworks */ = {isa = PBXBuildFile; productRef = 29ACCDB92CDB84D80076BFE0 /* Domain */; };
		29ACCDBC2CDB84D80076BFE0 /* Repository in Frameworks */ = {isa = PBXBuildFile; productRef = 29ACCDBB2CDB84D80076BFE0 /* Repository */; };
		29D724C82DA93702000C528C /* Models in Frameworks */ = {isa = PBXBuildFile; productRef = 29D724C72DA93702000C528C /* Models */; };
/* End PBXBuildFile section */

/* Begin PBXContainerItemProxy section */
		29727D4A2CDA87BD000A24BC /* PBXContainerItemProxy */ = {
			isa = PBXContainerItemProxy;
			containerPortal = 29727D312CDA87BC000A24BC /* Project object */;
			proxyType = 1;
			remoteGlobalIDString = 29727D382CDA87BC000A24BC;
			remoteInfo = Pizza;
		};
		29727D542CDA87BD000A24BC /* PBXContainerItemProxy */ = {
			isa = PBXContainerItemProxy;
			containerPortal = 29727D312CDA87BC000A24BC /* Project object */;
			proxyType = 1;
			remoteGlobalIDString = 29727D382CDA87BC000A24BC;
			remoteInfo = Pizza;
		};
/* End PBXContainerItemProxy section */

/* Begin PBXFileReference section */
		29727D392CDA87BC000A24BC /* Pizza.app */ = {isa = PBXFileReference; explicitFileType = wrapper.application; includeInIndex = 0; path = Pizza.app; sourceTree = BUILT_PRODUCTS_DIR; };
		29727D492CDA87BD000A24BC /* PizzaTests.xctest */ = {isa = PBXFileReference; explicitFileType = wrapper.cfbundle; includeInIndex = 0; path = PizzaTests.xctest; sourceTree = BUILT_PRODUCTS_DIR; };
		29727D532CDA87BD000A24BC /* PizzaUITests.xctest */ = {isa = PBXFileReference; explicitFileType = wrapper.cfbundle; includeInIndex = 0; path = PizzaUITests.xctest; sourceTree = BUILT_PRODUCTS_DIR; };
		29727DEB2CDA9538000A24BC /* development.xcconfig */ = {isa = PBXFileReference; lastKnownFileType = text.xcconfig; path = development.xcconfig; sourceTree = "<group>"; };
		29727DEC2CDA9538000A24BC /* internal.xcconfig */ = {isa = PBXFileReference; lastKnownFileType = text.xcconfig; path = internal.xcconfig; sourceTree = "<group>"; };
		29727DED2CDA9538000A24BC /* production.xcconfig */ = {isa = PBXFileReference; lastKnownFileType = text.xcconfig; path = production.xcconfig; sourceTree = "<group>"; };
		29AADA742DA6CBE300083033 /* Models */ = {isa = PBXFileReference; lastKnownFileType = wrapper; path = Models; sourceTree = "<group>"; };
		29B4EA4B2CDA993C00EE27D2 /* Domain */ = {isa = PBXFileReference; lastKnownFileType = wrapper; path = Domain; sourceTree = "<group>"; };
		29B4EA4C2CDA99BA00EE27D2 /* DataSource */ = {isa = PBXFileReference; lastKnownFileType = wrapper; path = DataSource; sourceTree = "<group>"; };
		29E84B0D2CDA9A6400D0A513 /* Repository */ = {isa = PBXFileReference; lastKnownFileType = wrapper; path = Repository; sourceTree = "<group>"; };
/* End PBXFileReference section */

/* Begin PBXFileSystemSynchronizedBuildFileExceptionSet section */
		2920BE7B2CDBDEC700CDD0C5 /* Exceptions for "Pizza" folder in "Pizza" target */ = {
			isa = PBXFileSystemSynchronizedBuildFileExceptionSet;
			membershipExceptions = (
				Info.plist,
			);
			target = 29727D382CDA87BC000A24BC /* Pizza */;
		};
/* End PBXFileSystemSynchronizedBuildFileExceptionSet section */

/* Begin PBXFileSystemSynchronizedRootGroup section */
		29727D3B2CDA87BC000A24BC /* Pizza */ = {
			isa = PBXFileSystemSynchronizedRootGroup;
			exceptions = (
				2920BE7B2CDBDEC700CDD0C5 /* Exceptions for "Pizza" folder in "Pizza" target */,
			);
			path = Pizza;
			sourceTree = "<group>";
		};
		29727D4C2CDA87BD000A24BC /* PizzaTests */ = {
			isa = PBXFileSystemSynchronizedRootGroup;
			path = PizzaTests;
			sourceTree = "<group>";
		};
		29727D562CDA87BD000A24BC /* PizzaUITests */ = {
			isa = PBXFileSystemSynchronizedRootGroup;
			path = PizzaUITests;
			sourceTree = "<group>";
		};
/* End PBXFileSystemSynchronizedRootGroup section */

/* Begin PBXFrameworksBuildPhase section */
		29727D362CDA87BC000A24BC /* Frameworks */ = {
			isa = PBXFrameworksBuildPhase;
			buildActionMask = 2147483647;
			files = (
				29ACCDBA2CDB84D80076BFE0 /* Domain in Frameworks */,
				29ACCDB82CDB84D80076BFE0 /* DataSource in Frameworks */,
				29D724C82DA93702000C528C /* Models in Frameworks */,
				29ACCDBC2CDB84D80076BFE0 /* Repository in Frameworks */,
			);
			runOnlyForDeploymentPostprocessing = 0;
		};
		29727D462CDA87BD000A24BC /* Frameworks */ = {
			isa = PBXFrameworksBuildPhase;
			buildActionMask = 2147483647;
			files = (
			);
			runOnlyForDeploymentPostprocessing = 0;
		};
		29727D502CDA87BD000A24BC /* Frameworks */ = {
			isa = PBXFrameworksBuildPhase;
			buildActionMask = 2147483647;
			files = (
			);
			runOnlyForDeploymentPostprocessing = 0;
		};
/* End PBXFrameworksBuildPhase section */

/* Begin PBXGroup section */
		29727D302CDA87BC000A24BC = {
			isa = PBXGroup;
			children = (
				29B4EA4B2CDA993C00EE27D2 /* Domain */,
				29B4EA4C2CDA99BA00EE27D2 /* DataSource */,
				29AADA742DA6CBE300083033 /* Models */,
				29E84B0D2CDA9A6400D0A513 /* Repository */,
				29727DEE2CDA9538000A24BC /* Environment */,
				29727D3B2CDA87BC000A24BC /* Pizza */,
				29727D4C2CDA87BD000A24BC /* PizzaTests */,
				29727D562CDA87BD000A24BC /* PizzaUITests */,
				29ACCDB62CDB84D80076BFE0 /* Frameworks */,
				29727D3A2CDA87BC000A24BC /* Products */,
			);
			sourceTree = "<group>";
		};
		29727D3A2CDA87BC000A24BC /* Products */ = {
			isa = PBXGroup;
			children = (
				29727D392CDA87BC000A24BC /* Pizza.app */,
				29727D492CDA87BD000A24BC /* PizzaTests.xctest */,
				29727D532CDA87BD000A24BC /* PizzaUITests.xctest */,
			);
			name = Products;
			sourceTree = "<group>";
		};
		29727DEE2CDA9538000A24BC /* Environment */ = {
			isa = PBXGroup;
			children = (
				29727DEB2CDA9538000A24BC /* development.xcconfig */,
				29727DEC2CDA9538000A24BC /* internal.xcconfig */,
				29727DED2CDA9538000A24BC /* production.xcconfig */,
			);
			path = Environment;
			sourceTree = "<group>";
		};
		29ACCDB62CDB84D80076BFE0 /* Frameworks */ = {
			isa = PBXGroup;
			children = (
			);
			name = Frameworks;
			sourceTree = "<group>";
		};
/* End PBXGroup section */

/* Begin PBXNativeTarget section */
		29727D382CDA87BC000A24BC /* Pizza */ = {
			isa = PBXNativeTarget;
			buildConfigurationList = 29727D5D2CDA87BD000A24BC /* Build configuration list for PBXNativeTarget "Pizza" */;
			buildPhases = (
				29727D352CDA87BC000A24BC /* Sources */,
				29727D362CDA87BC000A24BC /* Frameworks */,
				29727D372CDA87BC000A24BC /* Resources */,
			);
			buildRules = (
			);
			dependencies = (
				29ACCDC92CDB883F0076BFE0 /* PBXTargetDependency */,
			);
			fileSystemSynchronizedGroups = (
				29727D3B2CDA87BC000A24BC /* Pizza */,
			);
			name = Pizza;
			packageProductDependencies = (
				29ACCDB72CDB84D80076BFE0 /* DataSource */,
				29ACCDB92CDB84D80076BFE0 /* Domain */,
				29ACCDBB2CDB84D80076BFE0 /* Repository */,
				29D724C72DA93702000C528C /* Models */,
			);
			productName = Pizza;
			productReference = 29727D392CDA87BC000A24BC /* Pizza.app */;
			productType = "com.apple.product-type.application";
		};
		29727D482CDA87BD000A24BC /* PizzaTests */ = {
			isa = PBXNativeTarget;
			buildConfigurationList = 29727D602CDA87BD000A24BC /* Build configuration list for PBXNativeTarget "PizzaTests" */;
			buildPhases = (
				29727D452CDA87BD000A24BC /* Sources */,
				29727D462CDA87BD000A24BC /* Frameworks */,
				29727D472CDA87BD000A24BC /* Resources */,
			);
			buildRules = (
			);
			dependencies = (
				29727D4B2CDA87BD000A24BC /* PBXTargetDependency */,
			);
			fileSystemSynchronizedGroups = (
				29727D4C2CDA87BD000A24BC /* PizzaTests */,
			);
			name = PizzaTests;
			packageProductDependencies = (
			);
			productName = PizzaTests;
			productReference = 29727D492CDA87BD000A24BC /* PizzaTests.xctest */;
			productType = "com.apple.product-type.bundle.unit-test";
		};
		29727D522CDA87BD000A24BC /* PizzaUITests */ = {
			isa = PBXNativeTarget;
			buildConfigurationList = 29727D632CDA87BD000A24BC /* Build configuration list for PBXNativeTarget "PizzaUITests" */;
			buildPhases = (
				29727D4F2CDA87BD000A24BC /* Sources */,
				29727D502CDA87BD000A24BC /* Frameworks */,
				29727D512CDA87BD000A24BC /* Resources */,
			);
			buildRules = (
			);
			dependencies = (
				29727D552CDA87BD000A24BC /* PBXTargetDependency */,
			);
			fileSystemSynchronizedGroups = (
				29727D562CDA87BD000A24BC /* PizzaUITests */,
			);
			name = PizzaUITests;
			packageProductDependencies = (
			);
			productName = PizzaUITests;
			productReference = 29727D532CDA87BD000A24BC /* PizzaUITests.xctest */;
			productType = "com.apple.product-type.bundle.ui-testing";
		};
/* End PBXNativeTarget section */

/* Begin PBXProject section */
		29727D312CDA87BC000A24BC /* Project object */ = {
			isa = PBXProject;
			attributes = {
				BuildIndependentTargetsInParallel = 1;
				LastSwiftUpdateCheck = 1610;
				LastUpgradeCheck = 1610;
				TargetAttributes = {
					29727D382CDA87BC000A24BC = {
						CreatedOnToolsVersion = 16.1;
					};
					29727D482CDA87BD000A24BC = {
						CreatedOnToolsVersion = 16.1;
						TestTargetID = 29727D382CDA87BC000A24BC;
					};
					29727D522CDA87BD000A24BC = {
						CreatedOnToolsVersion = 16.1;
						TestTargetID = 29727D382CDA87BC000A24BC;
					};
				};
			};
			buildConfigurationList = 29727D342CDA87BC000A24BC /* Build configuration list for PBXProject "Pizza" */;
			developmentRegion = en;
			hasScannedForEncodings = 0;
			knownRegions = (
				en,
				Base,
			);
			mainGroup = 29727D302CDA87BC000A24BC;
			minimizedProjectReferenceProxies = 1;
			packageReferences = (
				29ACCDC72CDB88130076BFE0 /* XCRemoteSwiftPackageReference "xcstrings-tool-plugin" */,
			);
			preferredProjectObjectVersion = 77;
			productRefGroup = 29727D3A2CDA87BC000A24BC /* Products */;
			projectDirPath = "";
			projectRoot = "";
			targets = (
				29727D382CDA87BC000A24BC /* Pizza */,
				29727D482CDA87BD000A24BC /* PizzaTests */,
				29727D522CDA87BD000A24BC /* PizzaUITests */,
			);
		};
/* End PBXProject section */

/* Begin PBXResourcesBuildPhase section */
		29727D372CDA87BC000A24BC /* Resources */ = {
			isa = PBXResourcesBuildPhase;
			buildActionMask = 2147483647;
			files = (
			);
			runOnlyForDeploymentPostprocessing = 0;
		};
		29727D472CDA87BD000A24BC /* Resources */ = {
			isa = PBXResourcesBuildPhase;
			buildActionMask = 2147483647;
			files = (
			);
			runOnlyForDeploymentPostprocessing = 0;
		};
		29727D512CDA87BD000A24BC /* Resources */ = {
			isa = PBXResourcesBuildPhase;
			buildActionMask = 2147483647;
			files = (
			);
			runOnlyForDeploymentPostprocessing = 0;
		};
/* End PBXResourcesBuildPhase section */

/* Begin PBXSourcesBuildPhase section */
		29727D352CDA87BC000A24BC /* Sources */ = {
			isa = PBXSourcesBuildPhase;
			buildActionMask = 2147483647;
			files = (
			);
			runOnlyForDeploymentPostprocessing = 0;
		};
		29727D452CDA87BD000A24BC /* Sources */ = {
			isa = PBXSourcesBuildPhase;
			buildActionMask = 2147483647;
			files = (
			);
			runOnlyForDeploymentPostprocessing = 0;
		};
		29727D4F2CDA87BD000A24BC /* Sources */ = {
			isa = PBXSourcesBuildPhase;
			buildActionMask = 2147483647;
			files = (
			);
			runOnlyForDeploymentPostprocessing = 0;
		};
/* End PBXSourcesBuildPhase section */

/* Begin PBXTargetDependency section */
		29727D4B2CDA87BD000A24BC /* PBXTargetDependency */ = {
			isa = PBXTargetDependency;
			target = 29727D382CDA87BC000A24BC /* Pizza */;
			targetProxy = 29727D4A2CDA87BD000A24BC /* PBXContainerItemProxy */;
		};
		29727D552CDA87BD000A24BC /* PBXTargetDependency */ = {
			isa = PBXTargetDependency;
			target = 29727D382CDA87BC000A24BC /* Pizza */;
			targetProxy = 29727D542CDA87BD000A24BC /* PBXContainerItemProxy */;
		};
		29ACCDC92CDB883F0076BFE0 /* PBXTargetDependency */ = {
			isa = PBXTargetDependency;
			productRef = 29ACCDC82CDB883F0076BFE0 /* XCStringsToolPlugin */;
		};
/* End PBXTargetDependency section */

/* Begin XCBuildConfiguration section */
		29727D5B2CDA87BD000A24BC /* Debug */ = {
			isa = XCBuildConfiguration;
			baseConfigurationReference = 29727DEB2CDA9538000A24BC /* development.xcconfig */;
			buildSettings = {
				ALWAYS_SEARCH_USER_PATHS = NO;
				ASSETCATALOG_COMPILER_GENERATE_SWIFT_ASSET_SYMBOL_EXTENSIONS = YES;
				CLANG_ANALYZER_NONNULL = YES;
				CLANG_ANALYZER_NUMBER_OBJECT_CONVERSION = YES_AGGRESSIVE;
				CLANG_CXX_LANGUAGE_STANDARD = "gnu++20";
				CLANG_ENABLE_MODULES = YES;
				CLANG_ENABLE_OBJC_ARC = YES;
				CLANG_ENABLE_OBJC_WEAK = YES;
				CLANG_WARN_BLOCK_CAPTURE_AUTORELEASING = YES;
				CLANG_WARN_BOOL_CONVERSION = YES;
				CLANG_WARN_COMMA = YES;
				CLANG_WARN_CONSTANT_CONVERSION = YES;
				CLANG_WARN_DEPRECATED_OBJC_IMPLEMENTATIONS = YES;
				CLANG_WARN_DIRECT_OBJC_ISA_USAGE = YES_ERROR;
				CLANG_WARN_DOCUMENTATION_COMMENTS = YES;
				CLANG_WARN_EMPTY_BODY = YES;
				CLANG_WARN_ENUM_CONVERSION = YES;
				CLANG_WARN_INFINITE_RECURSION = YES;
				CLANG_WARN_INT_CONVERSION = YES;
				CLANG_WARN_NON_LITERAL_NULL_CONVERSION = YES;
				CLANG_WARN_OBJC_IMPLICIT_RETAIN_SELF = YES;
				CLANG_WARN_OBJC_LITERAL_CONVERSION = YES;
				CLANG_WARN_OBJC_ROOT_CLASS = YES_ERROR;
				CLANG_WARN_QUOTED_INCLUDE_IN_FRAMEWORK_HEADER = YES;
				CLANG_WARN_RANGE_LOOP_ANALYSIS = YES;
				CLANG_WARN_STRICT_PROTOTYPES = YES;
				CLANG_WARN_SUSPICIOUS_MOVE = YES;
				CLANG_WARN_UNGUARDED_AVAILABILITY = YES_AGGRESSIVE;
				CLANG_WARN_UNREACHABLE_CODE = YES;
				CLANG_WARN__DUPLICATE_METHOD_MATCH = YES;
				COPY_PHASE_STRIP = NO;
				DEBUG_INFORMATION_FORMAT = dwarf;
				ENABLE_STRICT_OBJC_MSGSEND = YES;
				ENABLE_TESTABILITY = YES;
				ENABLE_USER_SCRIPT_SANDBOXING = YES;
				GCC_C_LANGUAGE_STANDARD = gnu17;
				GCC_DYNAMIC_NO_PIC = NO;
				GCC_NO_COMMON_BLOCKS = YES;
				GCC_OPTIMIZATION_LEVEL = 0;
				GCC_PREPROCESSOR_DEFINITIONS = (
					"DEBUG=1",
					"$(inherited)",
				);
				GCC_WARN_64_TO_32_BIT_CONVERSION = YES;
				GCC_WARN_ABOUT_RETURN_TYPE = YES_ERROR;
				GCC_WARN_UNDECLARED_SELECTOR = YES;
				GCC_WARN_UNINITIALIZED_AUTOS = YES_AGGRESSIVE;
				GCC_WARN_UNUSED_FUNCTION = YES;
				GCC_WARN_UNUSED_VARIABLE = YES;
				IPHONEOS_DEPLOYMENT_TARGET = 18.1;
				LOCALIZATION_PREFERS_STRING_CATALOGS = YES;
				MTL_ENABLE_DEBUG_INFO = INCLUDE_SOURCE;
				MTL_FAST_MATH = YES;
				ONLY_ACTIVE_ARCH = YES;
				SDKROOT = iphoneos;
				SWIFT_ACTIVE_COMPILATION_CONDITIONS = "DEBUG $(inherited)";
				SWIFT_OPTIMIZATION_LEVEL = "-Onone";
			};
			name = Debug;
		};
		29727D5C2CDA87BD000A24BC /* Release */ = {
			isa = XCBuildConfiguration;
			baseConfigurationReference = 29727DED2CDA9538000A24BC /* production.xcconfig */;
			buildSettings = {
				ALWAYS_SEARCH_USER_PATHS = NO;
				ASSETCATALOG_COMPILER_GENERATE_SWIFT_ASSET_SYMBOL_EXTENSIONS = YES;
				CLANG_ANALYZER_NONNULL = YES;
				CLANG_ANALYZER_NUMBER_OBJECT_CONVERSION = YES_AGGRESSIVE;
				CLANG_CXX_LANGUAGE_STANDARD = "gnu++20";
				CLANG_ENABLE_MODULES = YES;
				CLANG_ENABLE_OBJC_ARC = YES;
				CLANG_ENABLE_OBJC_WEAK = YES;
				CLANG_WARN_BLOCK_CAPTURE_AUTORELEASING = YES;
				CLANG_WARN_BOOL_CONVERSION = YES;
				CLANG_WARN_COMMA = YES;
				CLANG_WARN_CONSTANT_CONVERSION = YES;
				CLANG_WARN_DEPRECATED_OBJC_IMPLEMENTATIONS = YES;
				CLANG_WARN_DIRECT_OBJC_ISA_USAGE = YES_ERROR;
				CLANG_WARN_DOCUMENTATION_COMMENTS = YES;
				CLANG_WARN_EMPTY_BODY = YES;
				CLANG_WARN_ENUM_CONVERSION = YES;
				CLANG_WARN_INFINITE_RECURSION = YES;
				CLANG_WARN_INT_CONVERSION = YES;
				CLANG_WARN_NON_LITERAL_NULL_CONVERSION = YES;
				CLANG_WARN_OBJC_IMPLICIT_RETAIN_SELF = YES;
				CLANG_WARN_OBJC_LITERAL_CONVERSION = YES;
				CLANG_WARN_OBJC_ROOT_CLASS = YES_ERROR;
				CLANG_WARN_QUOTED_INCLUDE_IN_FRAMEWORK_HEADER = YES;
				CLANG_WARN_RANGE_LOOP_ANALYSIS = YES;
				CLANG_WARN_STRICT_PROTOTYPES = YES;
				CLANG_WARN_SUSPICIOUS_MOVE = YES;
				CLANG_WARN_UNGUARDED_AVAILABILITY = YES_AGGRESSIVE;
				CLANG_WARN_UNREACHABLE_CODE = YES;
				CLANG_WARN__DUPLICATE_METHOD_MATCH = YES;
				COPY_PHASE_STRIP = NO;
				DEBUG_INFORMATION_FORMAT = "dwarf-with-dsym";
				ENABLE_NS_ASSERTIONS = NO;
				ENABLE_STRICT_OBJC_MSGSEND = YES;
				ENABLE_USER_SCRIPT_SANDBOXING = YES;
				GCC_C_LANGUAGE_STANDARD = gnu17;
				GCC_NO_COMMON_BLOCKS = YES;
				GCC_WARN_64_TO_32_BIT_CONVERSION = YES;
				GCC_WARN_ABOUT_RETURN_TYPE = YES_ERROR;
				GCC_WARN_UNDECLARED_SELECTOR = YES;
				GCC_WARN_UNINITIALIZED_AUTOS = YES_AGGRESSIVE;
				GCC_WARN_UNUSED_FUNCTION = YES;
				GCC_WARN_UNUSED_VARIABLE = YES;
				IPHONEOS_DEPLOYMENT_TARGET = 18.1;
				LOCALIZATION_PREFERS_STRING_CATALOGS = YES;
				MTL_ENABLE_DEBUG_INFO = NO;
				MTL_FAST_MATH = YES;
				SDKROOT = iphoneos;
				SWIFT_COMPILATION_MODE = wholemodule;
				VALIDATE_PRODUCT = YES;
			};
			name = Release;
		};
		29727D5E2CDA87BD000A24BC /* Debug */ = {
			isa = XCBuildConfiguration;
			buildSettings = {
				ASSETCATALOG_COMPILER_APPICON_NAME = "$(inherited)";
				ASSETCATALOG_COMPILER_GLOBAL_ACCENT_COLOR_NAME = AccentColor;
				CODE_SIGN_STYLE = Automatic;
				CURRENT_PROJECT_VERSION = 2;
				DEVELOPMENT_ASSET_PATHS = "\"Pizza/Preview Content\"";
				DEVELOPMENT_TEAM = UXKNDB9GX4;
				ENABLE_PREVIEWS = YES;
				GENERATE_INFOPLIST_FILE = YES;
				INFOPLIST_FILE = Pizza/Info.plist;
				INFOPLIST_KEY_NSLocalNetworkUsageDescription = "This app requires access to the local network to communicate with local devices.";
				INFOPLIST_KEY_UIApplicationSceneManifest_Generation = YES;
				INFOPLIST_KEY_UIApplicationSupportsIndirectInputEvents = YES;
				INFOPLIST_KEY_UILaunchStoryboardName = "Launch Screen";
				INFOPLIST_KEY_UISupportedInterfaceOrientations_iPad = "UIInterfaceOrientationPortrait UIInterfaceOrientationPortraitUpsideDown UIInterfaceOrientationLandscapeLeft UIInterfaceOrientationLandscapeRight";
				INFOPLIST_KEY_UISupportedInterfaceOrientations_iPhone = "UIInterfaceOrientationPortrait UIInterfaceOrientationLandscapeLeft UIInterfaceOrientationLandscapeRight";
				IPHONEOS_DEPLOYMENT_TARGET = 17.0;
				LD_RUNPATH_SEARCH_PATHS = (
					"$(inherited)",
					"@executable_path/Frameworks",
				);
				MARKETING_VERSION = 1.1.0;
				PRODUCT_BUNDLE_IDENTIFIER = hu.kildev.Pizza;
				PRODUCT_NAME = "$(TARGET_NAME)";
				SWIFT_EMIT_LOC_STRINGS = YES;
				SWIFT_VERSION = 5.0;
				TARGETED_DEVICE_FAMILY = "1,2";
			};
			name = Debug;
		};
		29727D5F2CDA87BD000A24BC /* Release */ = {
			isa = XCBuildConfiguration;
			buildSettings = {
				ASSETCATALOG_COMPILER_APPICON_NAME = "$(inherited)";
				ASSETCATALOG_COMPILER_GLOBAL_ACCENT_COLOR_NAME = AccentColor;
				CODE_SIGN_STYLE = Automatic;
				CURRENT_PROJECT_VERSION = 2;
				DEVELOPMENT_ASSET_PATHS = "\"Pizza/Preview Content\"";
				DEVELOPMENT_TEAM = UXKNDB9GX4;
				ENABLE_PREVIEWS = YES;
				GENERATE_INFOPLIST_FILE = YES;
				INFOPLIST_FILE = Pizza/Info.plist;
				INFOPLIST_KEY_NSLocalNetworkUsageDescription = "This app requires access to the local network to communicate with local devices.";
				INFOPLIST_KEY_UIApplicationSceneManifest_Generation = YES;
				INFOPLIST_KEY_UIApplicationSupportsIndirectInputEvents = YES;
				INFOPLIST_KEY_UILaunchStoryboardName = "Launch Screen";
				INFOPLIST_KEY_UISupportedInterfaceOrientations_iPad = "UIInterfaceOrientationPortrait UIInterfaceOrientationPortraitUpsideDown UIInterfaceOrientationLandscapeLeft UIInterfaceOrientationLandscapeRight";
				INFOPLIST_KEY_UISupportedInterfaceOrientations_iPhone = "UIInterfaceOrientationPortrait UIInterfaceOrientationLandscapeLeft UIInterfaceOrientationLandscapeRight";
				IPHONEOS_DEPLOYMENT_TARGET = 17.0;
				LD_RUNPATH_SEARCH_PATHS = (
					"$(inherited)",
					"@executable_path/Frameworks",
				);
				MARKETING_VERSION = 1.1.0;
				PRODUCT_BUNDLE_IDENTIFIER = hu.kildev.Pizza;
				PRODUCT_NAME = "$(TARGET_NAME)";
				SWIFT_EMIT_LOC_STRINGS = YES;
				SWIFT_VERSION = 5.0;
				TARGETED_DEVICE_FAMILY = "1,2";
			};
			name = Release;
		};
		29727D612CDA87BD000A24BC /* Debug */ = {
			isa = XCBuildConfiguration;
			buildSettings = {
				BUNDLE_LOADER = "$(TEST_HOST)";
				CODE_SIGN_STYLE = Automatic;
				CURRENT_PROJECT_VERSION = 1;
				DEVELOPMENT_TEAM = UXKNDB9GX4;
				GENERATE_INFOPLIST_FILE = YES;
				IPHONEOS_DEPLOYMENT_TARGET = 18.1;
				MARKETING_VERSION = 1.0;
				PRODUCT_BUNDLE_IDENTIFIER = hu.kildev.PizzaTests;
				PRODUCT_NAME = "$(TARGET_NAME)";
				SWIFT_EMIT_LOC_STRINGS = NO;
				SWIFT_VERSION = 5.0;
				TARGETED_DEVICE_FAMILY = "1,2";
				TEST_HOST = "$(BUILT_PRODUCTS_DIR)/Pizza.app/$(BUNDLE_EXECUTABLE_FOLDER_PATH)/Pizza";
			};
			name = Debug;
		};
		29727D622CDA87BD000A24BC /* Release */ = {
			isa = XCBuildConfiguration;
			buildSettings = {
				BUNDLE_LOADER = "$(TEST_HOST)";
				CODE_SIGN_STYLE = Automatic;
				CURRENT_PROJECT_VERSION = 1;
				DEVELOPMENT_TEAM = UXKNDB9GX4;
				GENERATE_INFOPLIST_FILE = YES;
				IPHONEOS_DEPLOYMENT_TARGET = 18.1;
				MARKETING_VERSION = 1.0;
				PRODUCT_BUNDLE_IDENTIFIER = hu.kildev.PizzaTests;
				PRODUCT_NAME = "$(TARGET_NAME)";
				SWIFT_EMIT_LOC_STRINGS = NO;
				SWIFT_VERSION = 5.0;
				TARGETED_DEVICE_FAMILY = "1,2";
				TEST_HOST = "$(BUILT_PRODUCTS_DIR)/Pizza.app/$(BUNDLE_EXECUTABLE_FOLDER_PATH)/Pizza";
			};
			name = Release;
		};
		29727D642CDA87BD000A24BC /* Debug */ = {
			isa = XCBuildConfiguration;
			buildSettings = {
				CODE_SIGN_STYLE = Automatic;
				CURRENT_PROJECT_VERSION = 1;
				DEVELOPMENT_TEAM = UXKNDB9GX4;
				GENERATE_INFOPLIST_FILE = YES;
				MARKETING_VERSION = 1.0;
				PRODUCT_BUNDLE_IDENTIFIER = hu.kildev.PizzaUITests;
				PRODUCT_NAME = "$(TARGET_NAME)";
				SWIFT_EMIT_LOC_STRINGS = NO;
				SWIFT_VERSION = 5.0;
				TARGETED_DEVICE_FAMILY = "1,2";
				TEST_TARGET_NAME = Pizza;
			};
			name = Debug;
		};
		29727D652CDA87BD000A24BC /* Release */ = {
			isa = XCBuildConfiguration;
			buildSettings = {
				CODE_SIGN_STYLE = Automatic;
				CURRENT_PROJECT_VERSION = 1;
				DEVELOPMENT_TEAM = UXKNDB9GX4;
				GENERATE_INFOPLIST_FILE = YES;
				MARKETING_VERSION = 1.0;
				PRODUCT_BUNDLE_IDENTIFIER = hu.kildev.PizzaUITests;
				PRODUCT_NAME = "$(TARGET_NAME)";
				SWIFT_EMIT_LOC_STRINGS = NO;
				SWIFT_VERSION = 5.0;
				TARGETED_DEVICE_FAMILY = "1,2";
				TEST_TARGET_NAME = Pizza;
			};
			name = Release;
		};
		29727DE72CDA94A7000A24BC /* Internal */ = {
			isa = XCBuildConfiguration;
			baseConfigurationReference = 29727DEC2CDA9538000A24BC /* internal.xcconfig */;
			buildSettings = {
				ALWAYS_SEARCH_USER_PATHS = NO;
				ASSETCATALOG_COMPILER_GENERATE_SWIFT_ASSET_SYMBOL_EXTENSIONS = YES;
				CLANG_ANALYZER_NONNULL = YES;
				CLANG_ANALYZER_NUMBER_OBJECT_CONVERSION = YES_AGGRESSIVE;
				CLANG_CXX_LANGUAGE_STANDARD = "gnu++20";
				CLANG_ENABLE_MODULES = YES;
				CLANG_ENABLE_OBJC_ARC = YES;
				CLANG_ENABLE_OBJC_WEAK = YES;
				CLANG_WARN_BLOCK_CAPTURE_AUTORELEASING = YES;
				CLANG_WARN_BOOL_CONVERSION = YES;
				CLANG_WARN_COMMA = YES;
				CLANG_WARN_CONSTANT_CONVERSION = YES;
				CLANG_WARN_DEPRECATED_OBJC_IMPLEMENTATIONS = YES;
				CLANG_WARN_DIRECT_OBJC_ISA_USAGE = YES_ERROR;
				CLANG_WARN_DOCUMENTATION_COMMENTS = YES;
				CLANG_WARN_EMPTY_BODY = YES;
				CLANG_WARN_ENUM_CONVERSION = YES;
				CLANG_WARN_INFINITE_RECURSION = YES;
				CLANG_WARN_INT_CONVERSION = YES;
				CLANG_WARN_NON_LITERAL_NULL_CONVERSION = YES;
				CLANG_WARN_OBJC_IMPLICIT_RETAIN_SELF = YES;
				CLANG_WARN_OBJC_LITERAL_CONVERSION = YES;
				CLANG_WARN_OBJC_ROOT_CLASS = YES_ERROR;
				CLANG_WARN_QUOTED_INCLUDE_IN_FRAMEWORK_HEADER = YES;
				CLANG_WARN_RANGE_LOOP_ANALYSIS = YES;
				CLANG_WARN_STRICT_PROTOTYPES = YES;
				CLANG_WARN_SUSPICIOUS_MOVE = YES;
				CLANG_WARN_UNGUARDED_AVAILABILITY = YES_AGGRESSIVE;
				CLANG_WARN_UNREACHABLE_CODE = YES;
				CLANG_WARN__DUPLICATE_METHOD_MATCH = YES;
				COPY_PHASE_STRIP = NO;
				DEBUG_INFORMATION_FORMAT = dwarf;
				ENABLE_STRICT_OBJC_MSGSEND = YES;
				ENABLE_TESTABILITY = YES;
				ENABLE_USER_SCRIPT_SANDBOXING = YES;
				GCC_C_LANGUAGE_STANDARD = gnu17;
				GCC_DYNAMIC_NO_PIC = NO;
				GCC_NO_COMMON_BLOCKS = YES;
				GCC_OPTIMIZATION_LEVEL = 0;
				GCC_PREPROCESSOR_DEFINITIONS = (
					"DEBUG=1",
					"$(inherited)",
				);
				GCC_WARN_64_TO_32_BIT_CONVERSION = YES;
				GCC_WARN_ABOUT_RETURN_TYPE = YES_ERROR;
				GCC_WARN_UNDECLARED_SELECTOR = YES;
				GCC_WARN_UNINITIALIZED_AUTOS = YES_AGGRESSIVE;
				GCC_WARN_UNUSED_FUNCTION = YES;
				GCC_WARN_UNUSED_VARIABLE = YES;
				IPHONEOS_DEPLOYMENT_TARGET = 18.1;
				LOCALIZATION_PREFERS_STRING_CATALOGS = YES;
				MTL_ENABLE_DEBUG_INFO = INCLUDE_SOURCE;
				MTL_FAST_MATH = YES;
				ONLY_ACTIVE_ARCH = YES;
				SDKROOT = iphoneos;
				SWIFT_ACTIVE_COMPILATION_CONDITIONS = "DEBUG $(inherited)";
				SWIFT_OPTIMIZATION_LEVEL = "-Onone";
			};
			name = Internal;
		};
		29727DE82CDA94A7000A24BC /* Internal */ = {
			isa = XCBuildConfiguration;
			buildSettings = {
				ASSETCATALOG_COMPILER_APPICON_NAME = "$(inherited)";
				ASSETCATALOG_COMPILER_GLOBAL_ACCENT_COLOR_NAME = AccentColor;
				CODE_SIGN_STYLE = Automatic;
				CURRENT_PROJECT_VERSION = 2;
				DEVELOPMENT_ASSET_PATHS = "\"Pizza/Preview Content\"";
				DEVELOPMENT_TEAM = UXKNDB9GX4;
				ENABLE_PREVIEWS = YES;
				GENERATE_INFOPLIST_FILE = YES;
				INFOPLIST_FILE = Pizza/Info.plist;
				INFOPLIST_KEY_NSLocalNetworkUsageDescription = "This app requires access to the local network to communicate with local devices.";
				INFOPLIST_KEY_UIApplicationSceneManifest_Generation = YES;
				INFOPLIST_KEY_UIApplicationSupportsIndirectInputEvents = YES;
				INFOPLIST_KEY_UILaunchStoryboardName = "Launch Screen";
				INFOPLIST_KEY_UISupportedInterfaceOrientations_iPad = "UIInterfaceOrientationPortrait UIInterfaceOrientationPortraitUpsideDown UIInterfaceOrientationLandscapeLeft UIInterfaceOrientationLandscapeRight";
				INFOPLIST_KEY_UISupportedInterfaceOrientations_iPhone = "UIInterfaceOrientationPortrait UIInterfaceOrientationLandscapeLeft UIInterfaceOrientationLandscapeRight";
				IPHONEOS_DEPLOYMENT_TARGET = 17.0;
				LD_RUNPATH_SEARCH_PATHS = (
					"$(inherited)",
					"@executable_path/Frameworks",
				);
				MARKETING_VERSION = 1.1.0;
				PRODUCT_BUNDLE_IDENTIFIER = hu.kildev.Pizza;
				PRODUCT_NAME = "$(TARGET_NAME)";
				SWIFT_EMIT_LOC_STRINGS = YES;
				SWIFT_VERSION = 5.0;
				TARGETED_DEVICE_FAMILY = "1,2";
			};
			name = Internal;
		};
		29727DE92CDA94A7000A24BC /* Internal */ = {
			isa = XCBuildConfiguration;
			buildSettings = {
				BUNDLE_LOADER = "$(TEST_HOST)";
				CODE_SIGN_STYLE = Automatic;
				CURRENT_PROJECT_VERSION = 1;
				DEVELOPMENT_TEAM = UXKNDB9GX4;
				GENERATE_INFOPLIST_FILE = YES;
				IPHONEOS_DEPLOYMENT_TARGET = 18.1;
				MARKETING_VERSION = 1.0;
				PRODUCT_BUNDLE_IDENTIFIER = hu.kildev.PizzaTests;
				PRODUCT_NAME = "$(TARGET_NAME)";
				SWIFT_EMIT_LOC_STRINGS = NO;
				SWIFT_VERSION = 5.0;
				TARGETED_DEVICE_FAMILY = "1,2";
				TEST_HOST = "$(BUILT_PRODUCTS_DIR)/Pizza.app/$(BUNDLE_EXECUTABLE_FOLDER_PATH)/Pizza";
			};
			name = Internal;
		};
		29727DEA2CDA94A7000A24BC /* Internal */ = {
			isa = XCBuildConfiguration;
			buildSettings = {
				CODE_SIGN_STYLE = Automatic;
				CURRENT_PROJECT_VERSION = 1;
				DEVELOPMENT_TEAM = UXKNDB9GX4;
				GENERATE_INFOPLIST_FILE = YES;
				MARKETING_VERSION = 1.0;
				PRODUCT_BUNDLE_IDENTIFIER = hu.kildev.PizzaUITests;
				PRODUCT_NAME = "$(TARGET_NAME)";
				SWIFT_EMIT_LOC_STRINGS = NO;
				SWIFT_VERSION = 5.0;
				TARGETED_DEVICE_FAMILY = "1,2";
				TEST_TARGET_NAME = Pizza;
			};
			name = Internal;
		};
/* End XCBuildConfiguration section */

/* Begin XCConfigurationList section */
		29727D342CDA87BC000A24BC /* Build configuration list for PBXProject "Pizza" */ = {
			isa = XCConfigurationList;
			buildConfigurations = (
				29727D5B2CDA87BD000A24BC /* Debug */,
				29727DE72CDA94A7000A24BC /* Internal */,
				29727D5C2CDA87BD000A24BC /* Release */,
			);
			defaultConfigurationIsVisible = 0;
			defaultConfigurationName = Release;
		};
		29727D5D2CDA87BD000A24BC /* Build configuration list for PBXNativeTarget "Pizza" */ = {
			isa = XCConfigurationList;
			buildConfigurations = (
				29727D5E2CDA87BD000A24BC /* Debug */,
				29727DE82CDA94A7000A24BC /* Internal */,
				29727D5F2CDA87BD000A24BC /* Release */,
			);
			defaultConfigurationIsVisible = 0;
			defaultConfigurationName = Release;
		};
		29727D602CDA87BD000A24BC /* Build configuration list for PBXNativeTarget "PizzaTests" */ = {
			isa = XCConfigurationList;
			buildConfigurations = (
				29727D612CDA87BD000A24BC /* Debug */,
				29727DE92CDA94A7000A24BC /* Internal */,
				29727D622CDA87BD000A24BC /* Release */,
			);
			defaultConfigurationIsVisible = 0;
			defaultConfigurationName = Release;
		};
		29727D632CDA87BD000A24BC /* Build configuration list for PBXNativeTarget "PizzaUITests" */ = {
			isa = XCConfigurationList;
			buildConfigurations = (
				29727D642CDA87BD000A24BC /* Debug */,
				29727DEA2CDA94A7000A24BC /* Internal */,
				29727D652CDA87BD000A24BC /* Release */,
			);
			defaultConfigurationIsVisible = 0;
			defaultConfigurationName = Release;
		};
/* End XCConfigurationList section */

/* Begin XCRemoteSwiftPackageReference section */
		29ACCDC72CDB88130076BFE0 /* XCRemoteSwiftPackageReference "xcstrings-tool-plugin" */ = {
			isa = XCRemoteSwiftPackageReference;
			repositoryURL = "https://github.com/liamnichols/xcstrings-tool-plugin";
			requirement = {
				kind = upToNextMajorVersion;
				minimumVersion = 1.0.0;
			};
		};
/* End XCRemoteSwiftPackageReference section */

/* Begin XCSwiftPackageProductDependency section */
		29ACCDB72CDB84D80076BFE0 /* DataSource */ = {
			isa = XCSwiftPackageProductDependency;
			productName = DataSource;
		};
		29ACCDB92CDB84D80076BFE0 /* Domain */ = {
			isa = XCSwiftPackageProductDependency;
			productName = Domain;
		};
		29ACCDBB2CDB84D80076BFE0 /* Repository */ = {
			isa = XCSwiftPackageProductDependency;
			productName = Repository;
		};
		29ACCDC82CDB883F0076BFE0 /* XCStringsToolPlugin */ = {
			isa = XCSwiftPackageProductDependency;
			package = 29ACCDC72CDB88130076BFE0 /* XCRemoteSwiftPackageReference "xcstrings-tool-plugin" */;
			productName = "plugin:XCStringsToolPlugin";
		};
		29D724C72DA93702000C528C /* Models */ = {
			isa = XCSwiftPackageProductDependency;
			productName = Models;
		};
/* End XCSwiftPackageProductDependency section */
	};
	rootObject = 29727D312CDA87BC000A24BC /* Project object */;
}
